
Microsoft Visual Studio Solution File, Format Version 12.00
# Visual Studio Version 16
VisualStudioVersion = 16.0.33927.289
MinimumVisualStudioVersion = 10.0.40219.1
Project("{2150E333-8FDC-42A3-9474-1A3956D46DE8}") = "Task0", "Task0", "{ECEA9B9E-CAE6-4E05-AE7C-A8AF5378A9C9}"
EndProject
Project("{FAE04EC0-301F-11D3-BF4B-00C04F79EFBC}") = "Tyuiu.ShtolAA.Sprint1.Task0.V16", "..\Tyuiu.ShtolAA.Sprint1.Task0.V16\Tyuiu.ShtolAA.Sprint1.Task0.V16.csproj", "{D1706033-29FD-44F2-A528-3E1AB05FBBED}"
EndProject
Project("{FAE04EC0-301F-11D3-BF4B-00C04F79EFBC}") = "Tyuiu.ShtolAA.Sprint1.Task0.V16.Lib", "..\Tyuiu.ShtolAA.Sprint1.Task0.V16.Lib\Tyuiu.ShtolAA.Sprint1.Task0.V16.Lib.csproj", "{AEB56ED9-C7F3-4ABE-AFA6-3CFFA38E39E6}"
EndProject
Project("{FAE04EC0-301F-11D3-BF4B-00C04F79EFBC}") = "Tyuiu.ShtolAA.Sprint1.Task0.V16.Test", "..\Tyuiu.ShtolAA.Sprint1.Task0.V16.Test\Tyuiu.ShtolAA.Sprint1.Task0.V16.Test.csproj", "{56974478-CD15-4472-A3FC-13A788644673}"
EndProject
Project("{2150E333-8FDC-42A3-9474-1A3956D46DE8}") = "Task1", "Task1", "{A3D62433-4CC7-4EFD-BFA7-B19D5EFB69B5}"
EndProject
Project("{FAE04EC0-301F-11D3-BF4B-00C04F79EFBC}") = "Tyuiu.ShtolAA.Sprint1.Task1.V15", "..\Tyuiu.ShtolAA.Sprint1.Task1.V15\Tyuiu.ShtolAA.Sprint1.Task1.V15.csproj", "{C81AE49F-7AB7-4987-91D4-DC52F017FACA}"
EndProject
Project("{FAE04EC0-301F-11D3-BF4B-00C04F79EFBC}") = "Tyuiu.ShtolAA.Sprint1.Task1.V15.Lib", "..\Tyuiu.ShtolAA.Sprint1.Task1.V15.Lib\Tyuiu.ShtolAA.Sprint1.Task1.V15.Lib.csproj", "{066E53C1-55D3-41EA-A022-8A3D8A1EF1DD}"
EndProject
Project("{FAE04EC0-301F-11D3-BF4B-00C04F79EFBC}") = "Tyuiu.ShtolAA.Sprint1.Task1.V15.Test", "..\Tyuiu.ShtolAA.Sprint1.Task1.V15.Test\Tyuiu.ShtolAA.Sprint1.Task1.V15.Test.csproj", "{98A8C60F-F533-4402-949A-9BCF46840153}"
EndProject
Project("{2150E333-8FDC-42A3-9474-1A3956D46DE8}") = "Task2", "Task2", "{FF6B7B3B-454C-4A51-BEAD-B8624AFDC225}"
EndProject
Project("{FAE04EC0-301F-11D3-BF4B-00C04F79EFBC}") = "Tyuiu.ShtolAA.Sprint1.Task2.V19", "..\Tyuiu.ShtolAA.Sprint1.Task2.V19\Tyuiu.ShtolAA.Sprint1.Task2.V19.csproj", "{4431FAEB-327A-4504-B6BA-39D36A639DA0}"
EndProject
Project("{FAE04EC0-301F-11D3-BF4B-00C04F79EFBC}") = "Tyuiu.ShtolAA.Sprint1.Task2.V19.Lib", "..\Tyuiu.ShtolAA.Sprint1.Task2.V19.Lib\Tyuiu.ShtolAA.Sprint1.Task2.V19.Lib.csproj", "{B415CB0A-992F-4CF0-B1BB-1E7057C06FD9}"
EndProject
Project("{FAE04EC0-301F-11D3-BF4B-00C04F79EFBC}") = "Tyuiu.ShtolAA.Sprint1.Task2.V19.Test", "..\Tyuiu.ShtolAA.Sprint1.Task2.V19.Test\Tyuiu.ShtolAA.Sprint1.Task2.V19.Test.csproj", "{1E5FC3F7-7081-4A20-9697-3D7902B84527}"
EndProject
Project("{2150E333-8FDC-42A3-9474-1A3956D46DE8}") = "Task3", "Task3", "{A9E1B88C-C138-46C4-82DB-6680402AC78C}"
EndProject
Project("{FAE04EC0-301F-11D3-BF4B-00C04F79EFBC}") = "Tyuiu.ShtolAA.Sprint1.Task3.V1", "..\Tyuiu.ShtolAA.Sprint1.Task3.V1\Tyuiu.ShtolAA.Sprint1.Task3.V1.csproj", "{6D71FF49-D147-4971-A14F-96E73DB56646}"
EndProject
Project("{FAE04EC0-301F-11D3-BF4B-00C04F79EFBC}") = "Tyuiu.ShtolAA.Sprint1.Task3.V1.Test", "..\Tyuiu.ShtolAA.Sprint1.Task3.V1.Test\Tyuiu.ShtolAA.Sprint1.Task3.V1.Test.csproj", "{425FD03C-EAD2-41A1-80A0-D5588141A1CA}"
EndProject
Project("{FAE04EC0-301F-11D3-BF4B-00C04F79EFBC}") = "Tyuiu.ShtolAA.Sprint1.Task3.V1.Lib", "..\Tyuiu.ShtolAA.Sprint1.Task3.V1.Lib\Tyuiu.ShtolAA.Sprint1.Task3.V1.Lib.csproj", "{C089285E-DECF-4715-A189-80E09331C9CD}"
EndProject
Global
	GlobalSection(SolutionConfigurationPlatforms) = preSolution
		Debug|Any CPU = Debug|Any CPU
		Release|Any CPU = Release|Any CPU
	EndGlobalSection
	GlobalSection(ProjectConfigurationPlatforms) = postSolution
		{D1706033-29FD-44F2-A528-3E1AB05FBBED}.Debug|Any CPU.ActiveCfg = Debug|Any CPU
		{D1706033-29FD-44F2-A528-3E1AB05FBBED}.Debug|Any CPU.Build.0 = Debug|Any CPU
		{D1706033-29FD-44F2-A528-3E1AB05FBBED}.Release|Any CPU.ActiveCfg = Release|Any CPU
		{D1706033-29FD-44F2-A528-3E1AB05FBBED}.Release|Any CPU.Build.0 = Release|Any CPU
		{AEB56ED9-C7F3-4ABE-AFA6-3CFFA38E39E6}.Debug|Any CPU.ActiveCfg = Debug|Any CPU
		{AEB56ED9-C7F3-4ABE-AFA6-3CFFA38E39E6}.Debug|Any CPU.Build.0 = Debug|Any CPU
		{AEB56ED9-C7F3-4ABE-AFA6-3CFFA38E39E6}.Release|Any CPU.ActiveCfg = Release|Any CPU
		{AEB56ED9-C7F3-4ABE-AFA6-3CFFA38E39E6}.Release|Any CPU.Build.0 = Release|Any CPU
		{56974478-CD15-4472-A3FC-13A788644673}.Debug|Any CPU.ActiveCfg = Debug|Any CPU
		{56974478-CD15-4472-A3FC-13A788644673}.Debug|Any CPU.Build.0 = Debug|Any CPU
		{56974478-CD15-4472-A3FC-13A788644673}.Release|Any CPU.ActiveCfg = Release|Any CPU
		{56974478-CD15-4472-A3FC-13A788644673}.Release|Any CPU.Build.0 = Release|Any CPU
		{C81AE49F-7AB7-4987-91D4-DC52F017FACA}.Debug|Any CPU.ActiveCfg = Debug|Any CPU
		{C81AE49F-7AB7-4987-91D4-DC52F017FACA}.Debug|Any CPU.Build.0 = Debug|Any CPU
		{C81AE49F-7AB7-4987-91D4-DC52F017FACA}.Release|Any CPU.ActiveCfg = Release|Any CPU
		{C81AE49F-7AB7-4987-91D4-DC52F017FACA}.Release|Any CPU.Build.0 = Release|Any CPU
		{066E53C1-55D3-41EA-A022-8A3D8A1EF1DD}.Debug|Any CPU.ActiveCfg = Debug|Any CPU
		{066E53C1-55D3-41EA-A022-8A3D8A1EF1DD}.Debug|Any CPU.Build.0 = Debug|Any CPU
		{066E53C1-55D3-41EA-A022-8A3D8A1EF1DD}.Release|Any CPU.ActiveCfg = Release|Any CPU
		{066E53C1-55D3-41EA-A022-8A3D8A1EF1DD}.Release|Any CPU.Build.0 = Release|Any CPU
		{98A8C60F-F533-4402-949A-9BCF46840153}.Debug|Any CPU.ActiveCfg = Debug|Any CPU
		{98A8C60F-F533-4402-949A-9BCF46840153}.Debug|Any CPU.Build.0 = Debug|Any CPU
		{98A8C60F-F533-4402-949A-9BCF46840153}.Release|Any CPU.ActiveCfg = Release|Any CPU
		{98A8C60F-F533-4402-949A-9BCF46840153}.Release|Any CPU.Build.0 = Release|Any CPU
		{4431FAEB-327A-4504-B6BA-39D36A639DA0}.Debug|Any CPU.ActiveCfg = Debug|Any CPU
		{4431FAEB-327A-4504-B6BA-39D36A639DA0}.Debug|Any CPU.Build.0 = Debug|Any CPU
		{4431FAEB-327A-4504-B6BA-39D36A639DA0}.Release|Any CPU.ActiveCfg = Release|Any CPU
		{4431FAEB-327A-4504-B6BA-39D36A639DA0}.Release|Any CPU.Build.0 = Release|Any CPU
		{B415CB0A-992F-4CF0-B1BB-1E7057C06FD9}.Debug|Any CPU.ActiveCfg = Debug|Any CPU
		{B415CB0A-992F-4CF0-B1BB-1E7057C06FD9}.Debug|Any CPU.Build.0 = Debug|Any CPU
		{B415CB0A-992F-4CF0-B1BB-1E7057C06FD9}.Release|Any CPU.ActiveCfg = Release|Any CPU
		{B415CB0A-992F-4CF0-B1BB-1E7057C06FD9}.Release|Any CPU.Build.0 = Release|Any CPU
		{1E5FC3F7-7081-4A20-9697-3D7902B84527}.Debug|Any CPU.ActiveCfg = Debug|Any CPU
		{1E5FC3F7-7081-4A20-9697-3D7902B84527}.Debug|Any CPU.Build.0 = Debug|Any CPU
		{1E5FC3F7-7081-4A20-9697-3D7902B84527}.Release|Any CPU.ActiveCfg = Release|Any CPU
		{1E5FC3F7-7081-4A20-9697-3D7902B84527}.Release|Any CPU.Build.0 = Release|Any CPU
		{6D71FF49-D147-4971-A14F-96E73DB56646}.Debug|Any CPU.ActiveCfg = Debug|Any CPU
		{6D71FF49-D147-4971-A14F-96E73DB56646}.Debug|Any CPU.Build.0 = Debug|Any CPU
		{6D71FF49-D147-4971-A14F-96E73DB56646}.Release|Any CPU.ActiveCfg = Release|Any CPU
		{6D71FF49-D147-4971-A14F-96E73DB56646}.Release|Any CPU.Build.0 = Release|Any CPU
		{425FD03C-EAD2-41A1-80A0-D5588141A1CA}.Debug|Any CPU.ActiveCfg = Debug|Any CPU
		{425FD03C-EAD2-41A1-80A0-D5588141A1CA}.Debug|Any CPU.Build.0 = Debug|Any CPU
		{425FD03C-EAD2-41A1-80A0-D5588141A1CA}.Release|Any CPU.ActiveCfg = Release|Any CPU
		{425FD03C-EAD2-41A1-80A0-D5588141A1CA}.Release|Any CPU.Build.0 = Release|Any CPU
		{C089285E-DECF-4715-A189-80E09331C9CD}.Debug|Any CPU.ActiveCfg = Debug|Any CPU
		{C089285E-DECF-4715-A189-80E09331C9CD}.Debug|Any CPU.Build.0 = Debug|Any CPU
		{C089285E-DECF-4715-A189-80E09331C9CD}.Release|Any CPU.ActiveCfg = Release|Any CPU
		{C089285E-DECF-4715-A189-80E09331C9CD}.Release|Any CPU.Build.0 = Release|Any CPU
	EndGlobalSection
	GlobalSection(SolutionProperties) = preSolution
		HideSolutionNode = FALSE
	EndGlobalSection
	GlobalSection(NestedProjects) = preSolution
		{D1706033-29FD-44F2-A528-3E1AB05FBBED} = {ECEA9B9E-CAE6-4E05-AE7C-A8AF5378A9C9}
		{AEB56ED9-C7F3-4ABE-AFA6-3CFFA38E39E6} = {ECEA9B9E-CAE6-4E05-AE7C-A8AF5378A9C9}
		{56974478-CD15-4472-A3FC-13A788644673} = {ECEA9B9E-CAE6-4E05-AE7C-A8AF5378A9C9}
		{C81AE49F-7AB7-4987-91D4-DC52F017FACA} = {A3D62433-4CC7-4EFD-BFA7-B19D5EFB69B5}
		{066E53C1-55D3-41EA-A022-8A3D8A1EF1DD} = {A3D62433-4CC7-4EFD-BFA7-B19D5EFB69B5}
		{98A8C60F-F533-4402-949A-9BCF46840153} = {A3D62433-4CC7-4EFD-BFA7-B19D5EFB69B5}
		{4431FAEB-327A-4504-B6BA-39D36A639DA0} = {FF6B7B3B-454C-4A51-BEAD-B8624AFDC225}
		{B415CB0A-992F-4CF0-B1BB-1E7057C06FD9} = {FF6B7B3B-454C-4A51-BEAD-B8624AFDC225}
		{1E5FC3F7-7081-4A20-9697-3D7902B84527} = {FF6B7B3B-454C-4A51-BEAD-B8624AFDC225}
		{6D71FF49-D147-4971-A14F-96E73DB56646} = {A9E1B88C-C138-46C4-82DB-6680402AC78C}
		{425FD03C-EAD2-41A1-80A0-D5588141A1CA} = {A9E1B88C-C138-46C4-82DB-6680402AC78C}
		{C089285E-DECF-4715-A189-80E09331C9CD} = {A9E1B88C-C138-46C4-82DB-6680402AC78C}
	EndGlobalSection
	GlobalSection(ExtensibilityGlobals) = postSolution
		SolutionGuid = {F7D2D715-153A-42F0-8B17-B1D09D220D20}
	EndGlobalSection
EndGlobal
